
Microsoft Visual Studio Solution File, Format Version 12.00
# Visual Studio 15
VisualStudioVersion = 15.0.27703.2018
MinimumVisualStudioVersion = 10.0.40219.1
Project("{FAE04EC0-301F-11D3-BF4B-00C04F79EFBC}") = "App.Core", "App.Core\App.Core.csproj", "{C887D0A1-20F6-44DA-87DF-EA8D45ACE744}"
EndProject
Project("{FAE04EC0-301F-11D3-BF4B-00C04F79EFBC}") = "App.CoreTests", "App.CoreTests\App.CoreTests.csproj", "{34E85233-EF91-49EA-9EAA-05E86EFDFA5B}"
EndProject
Global
	GlobalSection(SolutionConfigurationPlatforms) = preSolution
		Debug|Any CPU = Debug|Any CPU
		Release|Any CPU = Release|Any CPU
	EndGlobalSection
	GlobalSection(ProjectConfigurationPlatforms) = postSolution
		{C887D0A1-20F6-44DA-87DF-EA8D45ACE744}.Debug|Any CPU.ActiveCfg = Debug|Any CPU
		{C887D0A1-20F6-44DA-87DF-EA8D45ACE744}.Debug|Any CPU.Build.0 = Debug|Any CPU
		{C887D0A1-20F6-44DA-87DF-EA8D45ACE744}.Release|Any CPU.ActiveCfg = Release|Any CPU
		{C887D0A1-20F6-44DA-87DF-EA8D45ACE744}.Release|Any CPU.Build.0 = Release|Any CPU
		{34E85233-EF91-49EA-9EAA-05E86EFDFA5B}.Debug|Any CPU.ActiveCfg = Debug|Any CPU
		{34E85233-EF91-49EA-9EAA-05E86EFDFA5B}.Debug|Any CPU.Build.0 = Debug|Any CPU
		{34E85233-EF91-49EA-9EAA-05E86EFDFA5B}.Release|Any CPU.ActiveCfg = Release|Any CPU
		{34E85233-EF91-49EA-9EAA-05E86EFDFA5B}.Release|Any CPU.Build.0 = Release|Any CPU
	EndGlobalSection
	GlobalSection(SolutionProperties) = preSolution
		HideSolutionNode = FALSE
	EndGlobalSection
	GlobalSection(ExtensibilityGlobals) = postSolution
		SolutionGuid = {17C56066-22FD-4FD7-9584-C299ECB1E041}
	EndGlobalSection
EndGlobal
